
Microsoft Visual Studio Solution File, Format Version 12.00
# Visual Studio Version 16
VisualStudioVersion = 16.0.31424.327
MinimumVisualStudioVersion = 10.0.40219.1
Project("{FAE04EC0-301F-11D3-BF4B-00C04F79EFBC}") = "2D Physics Engine", "2D Physics Engine.csproj", "{DC90CF1F-99B1-4777-B699-BD2EB4616D20}"
EndProject
Global
	GlobalSection(SolutionConfigurationPlatforms) = preSolution
		Debug|Any CPU = Debug|Any CPU
		Release|Any CPU = Release|Any CPU
	EndGlobalSection
	GlobalSection(ProjectConfigurationPlatforms) = postSolution
		{DC90CF1F-99B1-4777-B699-BD2EB4616D20}.Debug|Any CPU.ActiveCfg = Debug|Any CPU
		{DC90CF1F-99B1-4777-B699-BD2EB4616D20}.Debug|Any CPU.Build.0 = Debug|Any CPU
		{DC90CF1F-99B1-4777-B699-BD2EB4616D20}.Release|Any CPU.ActiveCfg = Release|Any CPU
		{DC90CF1F-99B1-4777-B699-BD2EB4616D20}.Release|Any CPU.Build.0 = Release|Any CPU
	EndGlobalSection
	GlobalSection(SolutionProperties) = preSolution
		HideSolutionNode = FALSE
	EndGlobalSection
	GlobalSection(ExtensibilityGlobals) = postSolution
		SolutionGuid = {1A4700DB-2AA2-4E37-99E8-A056EC08E6B0}
	EndGlobalSection
EndGlobal
